
Microsoft Visual Studio Solution File, Format Version 11.00
# Visual Studio 2010
Project("{8BC9CEB8-8B4A-11D0-8D11-00A0C91BC942}") = "List", "List\List.vcxproj", "{EC9B6941-D65D-41C8-9F47-28EA49878E47}"
EndProject
Global
	GlobalSection(SolutionConfigurationPlatforms) = preSolution
		Debug|Win32 = Debug|Win32
		Release|Win32 = Release|Win32
	EndGlobalSection
	GlobalSection(ProjectConfigurationPlatforms) = postSolution
		{EC9B6941-D65D-41C8-9F47-28EA49878E47}.Debug|Win32.ActiveCfg = Debug|Win32
		{EC9B6941-D65D-41C8-9F47-28EA49878E47}.Debug|Win32.Build.0 = Debug|Win32
		{EC9B6941-D65D-41C8-9F47-28EA49878E47}.Release|Win32.ActiveCfg = Release|Win32
		{EC9B6941-D65D-41C8-9F47-28EA49878E47}.Release|Win32.Build.0 = Release|Win32
	EndGlobalSection
	GlobalSection(SolutionProperties) = preSolution
		HideSolutionNode = FALSE
	EndGlobalSection
EndGlobal
